{
  "name": "ts",
  "version": "1.0.0",
  "lockfileVersion": 3,
  "requires": true,
  "packages": {
    "": {
      "name": "ts",
      "version": "1.0.0",
      "license": "ISC",
      "devDependencies": {
        "@types/audioworklet": "^0.0.96",
        "typescript": "^5.9.3"
      }
    },
    "node_modules/@types/audioworklet": {
      "version": "0.0.96",
      "resolved": "https://registry.npmjs.org/@types/audioworklet/-/audioworklet-0.0.96.tgz",
      "integrity": "sha512-tnuTvNa8ZlSXfcfdi50TcOB8bXCHaU1B8sqJ9uF8AfCvpIqwu9iheqHXRHzjt13J3YqX/83WUtJP7vfXReyS4w==",
      "dev": true,
      "license": "Apache-2.0"
    },
    "node_modules/typescript": {
      "version": "5.9.3",
      "resolved": "https://registry.npmjs.org/typescript/-/typescript-5.9.3.tgz",
      "integrity": "sha512-jl1vZzPDinLr9eUt3J/t7V6FgNEw9QjvBPdysz9KfQDD41fQrC2Y4vKQdiaUpFT4bXlb1RHhLpp8wtm6M5TgSw==",
      "dev": true,
      "license": "Apache-2.0",
      "bin": {
        "tsc": "bin/tsc",
        "tsserver": "bin/tsserver"
      },
      "engines": {
        "node": ">=14.17"
      }
    }
  }
}
